
Microsoft Visual Studio Solution File, Format Version 12.00
# Visual Studio Version 17
VisualStudioVersion = 17.11.35327.3
MinimumVisualStudioVersion = 10.0.40219.1
Project("{FAE04EC0-301F-11D3-BF4B-00C04F79EFBC}") = "CabRosterApp", "CabRosterApp\CabRosterApp.csproj", "{E570F744-B74D-4283-87AA-50FC3849B7ED}"
EndProject
Global
	GlobalSection(SolutionConfigurationPlatforms) = preSolution
		Debug|Any CPU = Debug|Any CPU
		Release|Any CPU = Release|Any CPU
	EndGlobalSection
	GlobalSection(ProjectConfigurationPlatforms) = postSolution
		{E570F744-B74D-4283-87AA-50FC3849B7ED}.Debug|Any CPU.ActiveCfg = Debug|Any CPU
		{E570F744-B74D-4283-87AA-50FC3849B7ED}.Debug|Any CPU.Build.0 = Debug|Any CPU
		{E570F744-B74D-4283-87AA-50FC3849B7ED}.Release|Any CPU.ActiveCfg = Release|Any CPU
		{E570F744-B74D-4283-87AA-50FC3849B7ED}.Release|Any CPU.Build.0 = Release|Any CPU
	EndGlobalSection
	GlobalSection(SolutionProperties) = preSolution
		HideSolutionNode = FALSE
	EndGlobalSection
	GlobalSection(ExtensibilityGlobals) = postSolution
		SolutionGuid = {AE5E9B4F-2734-4199-BB81-E5D0FF3EF98C}
	EndGlobalSection
EndGlobal
